
Microsoft Visual Studio Solution File, Format Version 12.00
# Visual Studio Version 16
VisualStudioVersion = 16.0.808.8
MinimumVisualStudioVersion = 10.0.40219.1
Project("{FAE04EC0-301F-11D3-BF4B-00C04F79EFBC}") = "BlazorMatchGame", "BlazorMatchGame\BlazorMatchGame.csproj", "{C814D877-EE73-47F7-88E0-17B50D5ADF83}"
EndProject
Global
	GlobalSection(SolutionConfigurationPlatforms) = preSolution
		Debug|Any CPU = Debug|Any CPU
		Release|Any CPU = Release|Any CPU
	EndGlobalSection
	GlobalSection(ProjectConfigurationPlatforms) = postSolution
		{C814D877-EE73-47F7-88E0-17B50D5ADF83}.Debug|Any CPU.ActiveCfg = Debug|Any CPU
		{C814D877-EE73-47F7-88E0-17B50D5ADF83}.Debug|Any CPU.Build.0 = Debug|Any CPU
		{C814D877-EE73-47F7-88E0-17B50D5ADF83}.Release|Any CPU.ActiveCfg = Release|Any CPU
		{C814D877-EE73-47F7-88E0-17B50D5ADF83}.Release|Any CPU.Build.0 = Release|Any CPU
	EndGlobalSection
	GlobalSection(SolutionProperties) = preSolution
		HideSolutionNode = FALSE
	EndGlobalSection
	GlobalSection(ExtensibilityGlobals) = postSolution
		SolutionGuid = {274CF7CC-FDA0-4069-BAA1-19124E595A9A}
	EndGlobalSection
EndGlobal
