
Microsoft Visual Studio Solution File, Format Version 12.00
# Visual Studio Version 16
VisualStudioVersion = 16.0.808.8
MinimumVisualStudioVersion = 10.0.40219.1
Project("{FAE04EC0-301F-11D3-BF4B-00C04F79EFBC}") = "MyFirstConsoleApp", "MyFirstConsoleApp\MyFirstConsoleApp.csproj", "{F38CC69A-C78B-47AC-9EB0-2CEE99137CAE}"
EndProject
Global
	GlobalSection(SolutionConfigurationPlatforms) = preSolution
		Debug|anycpu = Debug|anycpu
		Release|anycpu = Release|anycpu
	EndGlobalSection
	GlobalSection(ProjectConfigurationPlatforms) = postSolution
		{F38CC69A-C78B-47AC-9EB0-2CEE99137CAE}.Debug|anycpu.ActiveCfg = Debug|anycpu
		{F38CC69A-C78B-47AC-9EB0-2CEE99137CAE}.Debug|anycpu.Build.0 = Debug|anycpu
		{F38CC69A-C78B-47AC-9EB0-2CEE99137CAE}.Release|anycpu.ActiveCfg = Release|anycpu
		{F38CC69A-C78B-47AC-9EB0-2CEE99137CAE}.Release|anycpu.Build.0 = Release|anycpu
	EndGlobalSection
	GlobalSection(SolutionProperties) = preSolution
		HideSolutionNode = FALSE
	EndGlobalSection
	GlobalSection(ExtensibilityGlobals) = postSolution
		SolutionGuid = {EB715C2D-15B5-4528-AF90-7F4432FFEE43}
	EndGlobalSection
EndGlobal
